
Microsoft Visual Studio Solution File, Format Version 12.00
Project("{FAE04EC0-301F-11D3-BF4B-00C04F79EFBC}") = "MigratR", "MigratR\MigratR.csproj", "{3D42A8AB-9AF2-4BA0-9483-E907C98CAD4B}"
EndProject
Project("{2150E333-8FDC-42A3-9474-1A3956D46DE8}") = "Solution Items", "Solution Items", "{F12217B5-1D52-408C-B178-0E787FDE225A}"
	ProjectSection(SolutionItems) = preProject
		compose.yaml = compose.yaml
	EndProjectSection
EndProject
Global
	GlobalSection(SolutionConfigurationPlatforms) = preSolution
		Debug|Any CPU = Debug|Any CPU
		Release|Any CPU = Release|Any CPU
	EndGlobalSection
	GlobalSection(ProjectConfigurationPlatforms) = postSolution
		{3D42A8AB-9AF2-4BA0-9483-E907C98CAD4B}.Debug|Any CPU.ActiveCfg = Debug|Any CPU
		{3D42A8AB-9AF2-4BA0-9483-E907C98CAD4B}.Debug|Any CPU.Build.0 = Debug|Any CPU
		{3D42A8AB-9AF2-4BA0-9483-E907C98CAD4B}.Release|Any CPU.ActiveCfg = Release|Any CPU
		{3D42A8AB-9AF2-4BA0-9483-E907C98CAD4B}.Release|Any CPU.Build.0 = Release|Any CPU
	EndGlobalSection
EndGlobal
